
Microsoft Visual Studio Solution File, Format Version 12.00
# Visual Studio Version 16
VisualStudioVersion = 16.0.30907.101
MinimumVisualStudioVersion = 10.0.40219.1
Project("{FAE04EC0-301F-11D3-BF4B-00C04F79EFBC}") = "SudokuProject", "SudokuProject\SudokuProject.csproj", "{D02CDC24-CB4C-4015-AAA9-F3B0AE6F460E}"
EndProject
Global
	GlobalSection(SolutionConfigurationPlatforms) = preSolution
		Debug|Any CPU = Debug|Any CPU
		Release|Any CPU = Release|Any CPU
	EndGlobalSection
	GlobalSection(ProjectConfigurationPlatforms) = postSolution
		{D02CDC24-CB4C-4015-AAA9-F3B0AE6F460E}.Debug|Any CPU.ActiveCfg = Debug|Any CPU
		{D02CDC24-CB4C-4015-AAA9-F3B0AE6F460E}.Debug|Any CPU.Build.0 = Debug|Any CPU
		{D02CDC24-CB4C-4015-AAA9-F3B0AE6F460E}.Release|Any CPU.ActiveCfg = Release|Any CPU
		{D02CDC24-CB4C-4015-AAA9-F3B0AE6F460E}.Release|Any CPU.Build.0 = Release|Any CPU
	EndGlobalSection
	GlobalSection(SolutionProperties) = preSolution
		HideSolutionNode = FALSE
	EndGlobalSection
	GlobalSection(ExtensibilityGlobals) = postSolution
		SolutionGuid = {F70D14B3-1690-4AE3-92BF-2B7FF8AC085F}
	EndGlobalSection
EndGlobal
